// !$*UTF8*$!
{
	archiveVersion = 1;
	classes = {
	};
	objectVersion = 50;
	objects = {

/* Begin PBXBuildFile section */
		045D6AC3265F7285002741DB /* AppDelegate.swift in Sources */ = {isa = PBXBuildFile; fileRef = 045D6AC2265F7285002741DB /* AppDelegate.swift */; };
		045D6AC5265F7285002741DB /* SceneDelegate.swift in Sources */ = {isa = PBXBuildFile; fileRef = 045D6AC4265F7285002741DB /* SceneDelegate.swift */; };
		045D6AC7265F7285002741DB /* ToDoViewController.swift in Sources */ = {isa = PBXBuildFile; fileRef = 045D6AC6265F7285002741DB /* ToDoViewController.swift */; };
		045D6ACA265F7285002741DB /* Main.storyboard in Resources */ = {isa = PBXBuildFile; fileRef = 045D6AC8265F7285002741DB /* Main.storyboard */; };
		045D6ACC265F7288002741DB /* Assets.xcassets in Resources */ = {isa = PBXBuildFile; fileRef = 045D6ACB265F7288002741DB /* Assets.xcassets */; };
		045D6ACF265F7288002741DB /* LaunchScreen.storyboard in Resources */ = {isa = PBXBuildFile; fileRef = 045D6ACD265F7288002741DB /* LaunchScreen.storyboard */; };
		045D6ADC265F79E1002741DB /* CreateToDoViewController.swift in Sources */ = {isa = PBXBuildFile; fileRef = 045D6ADB265F79E1002741DB /* CreateToDoViewController.swift */; };
		045E178826638A6D00151742 /* UIColor+Extension.swift in Sources */ = {isa = PBXBuildFile; fileRef = 045E178726638A6D00151742 /* UIColor+Extension.swift */; };
		0491611026615B70000A0549 /* UIImageExtension.swift in Sources */ = {isa = PBXBuildFile; fileRef = 0491610726615B70000A0549 /* UIImageExtension.swift */; };
		0491611126615B70000A0549 /* UIViewControllerExtension.swift in Sources */ = {isa = PBXBuildFile; fileRef = 0491610826615B70000A0549 /* UIViewControllerExtension.swift */; };
		0491611226615B70000A0549 /* UIViewExtenstions.swift in Sources */ = {isa = PBXBuildFile; fileRef = 0491610926615B70000A0549 /* UIViewExtenstions.swift */; };
		0491611326615B70000A0549 /* TextFiledExtensions.swift in Sources */ = {isa = PBXBuildFile; fileRef = 0491610A26615B70000A0549 /* TextFiledExtensions.swift */; };
		0491611426615B70000A0549 /* StringExtension.swift in Sources */ = {isa = PBXBuildFile; fileRef = 0491610B26615B70000A0549 /* StringExtension.swift */; };
		0491611526615B70000A0549 /* viewController+ImagePicker.swift in Sources */ = {isa = PBXBuildFile; fileRef = 0491610C26615B70000A0549 /* viewController+ImagePicker.swift */; };
		0491611626615B70000A0549 /* CollectionViewExtension.swift in Sources */ = {isa = PBXBuildFile; fileRef = 0491610D26615B70000A0549 /* CollectionViewExtension.swift */; };
		0491611726615B70000A0549 /* DateExtension.swift in Sources */ = {isa = PBXBuildFile; fileRef = 0491610E26615B70000A0549 /* DateExtension.swift */; };
		0491611826615B70000A0549 /* ButtonsExtension.swift in Sources */ = {isa = PBXBuildFile; fileRef = 0491610F26615B70000A0549 /* ButtonsExtension.swift */; };
		0491611E266161CA000A0549 /* ToDoViewModel.swift in Sources */ = {isa = PBXBuildFile; fileRef = 0491611D266161CA000A0549 /* ToDoViewModel.swift */; };
		04916121266161FB000A0549 /* ToDo.swift in Sources */ = {isa = PBXBuildFile; fileRef = 04916120266161FB000A0549 /* ToDo.swift */; };
/* End PBXBuildFile section */

/* Begin PBXFileReference section */
		045D6ABF265F7285002741DB /* ReactiveWay.app */ = {isa = PBXFileReference; explicitFileType = wrapper.application; includeInIndex = 0; path = ReactiveWay.app; sourceTree = BUILT_PRODUCTS_DIR; };
		045D6AC2265F7285002741DB /* AppDelegate.swift */ = {isa = PBXFileReference; lastKnownFileType = sourcecode.swift; path = AppDelegate.swift; sourceTree = "<group>"; };
		045D6AC4265F7285002741DB /* SceneDelegate.swift */ = {isa = PBXFileReference; lastKnownFileType = sourcecode.swift; path = SceneDelegate.swift; sourceTree = "<group>"; };
		045D6AC6265F7285002741DB /* ToDoViewController.swift */ = {isa = PBXFileReference; lastKnownFileType = sourcecode.swift; path = ToDoViewController.swift; sourceTree = "<group>"; };
		045D6AC9265F7285002741DB /* Base */ = {isa = PBXFileReference; lastKnownFileType = file.storyboard; name = Base; path = Base.lproj/Main.storyboard; sourceTree = "<group>"; };
		045D6ACB265F7288002741DB /* Assets.xcassets */ = {isa = PBXFileReference; lastKnownFileType = folder.assetcatalog; path = Assets.xcassets; sourceTree = "<group>"; };
		045D6ACE265F7288002741DB /* Base */ = {isa = PBXFileReference; lastKnownFileType = file.storyboard; name = Base; path = Base.lproj/LaunchScreen.storyboard; sourceTree = "<group>"; };
		045D6AD0265F7288002741DB /* Info.plist */ = {isa = PBXFileReference; lastKnownFileType = text.plist.xml; path = Info.plist; sourceTree = "<group>"; };
		045D6ADB265F79E1002741DB /* CreateToDoViewController.swift */ = {isa = PBXFileReference; lastKnownFileType = sourcecode.swift; path = CreateToDoViewController.swift; sourceTree = "<group>"; };
		045E178726638A6D00151742 /* UIColor+Extension.swift */ = {isa = PBXFileReference; lastKnownFileType = sourcecode.swift; path = "UIColor+Extension.swift"; sourceTree = "<group>"; };
		0491610726615B70000A0549 /* UIImageExtension.swift */ = {isa = PBXFileReference; fileEncoding = 4; lastKnownFileType = sourcecode.swift; path = UIImageExtension.swift; sourceTree = "<group>"; };
		0491610826615B70000A0549 /* UIViewControllerExtension.swift */ = {isa = PBXFileReference; fileEncoding = 4; lastKnownFileType = sourcecode.swift; path = UIViewControllerExtension.swift; sourceTree = "<group>"; };
		0491610926615B70000A0549 /* UIViewExtenstions.swift */ = {isa = PBXFileReference; fileEncoding = 4; lastKnownFileType = sourcecode.swift; path = UIViewExtenstions.swift; sourceTree = "<group>"; };
		0491610A26615B70000A0549 /* TextFiledExtensions.swift */ = {isa = PBXFileReference; fileEncoding = 4; lastKnownFileType = sourcecode.swift; path = TextFiledExtensions.swift; sourceTree = "<group>"; };
		0491610B26615B70000A0549 /* StringExtension.swift */ = {isa = PBXFileReference; fileEncoding = 4; lastKnownFileType = sourcecode.swift; path = StringExtension.swift; sourceTree = "<group>"; };
		0491610C26615B70000A0549 /* viewController+ImagePicker.swift */ = {isa = PBXFileReference; fileEncoding = 4; lastKnownFileType = sourcecode.swift; path = "viewController+ImagePicker.swift"; sourceTree = "<group>"; };
		0491610D26615B70000A0549 /* CollectionViewExtension.swift */ = {isa = PBXFileReference; fileEncoding = 4; lastKnownFileType = sourcecode.swift; path = CollectionViewExtension.swift; sourceTree = "<group>"; };
		0491610E26615B70000A0549 /* DateExtension.swift */ = {isa = PBXFileReference; fileEncoding = 4; lastKnownFileType = sourcecode.swift; path = DateExtension.swift; sourceTree = "<group>"; };
		0491610F26615B70000A0549 /* ButtonsExtension.swift */ = {isa = PBXFileReference; fileEncoding = 4; lastKnownFileType = sourcecode.swift; path = ButtonsExtension.swift; sourceTree = "<group>"; };
		0491611D266161CA000A0549 /* ToDoViewModel.swift */ = {isa = PBXFileReference; lastKnownFileType = sourcecode.swift; path = ToDoViewModel.swift; sourceTree = "<group>"; };
		04916120266161FB000A0549 /* ToDo.swift */ = {isa = PBXFileReference; lastKnownFileType = sourcecode.swift; path = ToDo.swift; sourceTree = "<group>"; };
/* End PBXFileReference section */

/* Begin PBXFrameworksBuildPhase section */
		045D6ABC265F7285002741DB /* Frameworks */ = {
			isa = PBXFrameworksBuildPhase;
			buildActionMask = 2147483647;
			files = (
			);
			runOnlyForDeploymentPostprocessing = 0;
		};
/* End PBXFrameworksBuildPhase section */

/* Begin PBXGroup section */
		045D6AB6265F7285002741DB = {
			isa = PBXGroup;
			children = (
				045D6AC1265F7285002741DB /* ReactiveWay */,
				045D6AC0265F7285002741DB /* Products */,
			);
			sourceTree = "<group>";
		};
		045D6AC0265F7285002741DB /* Products */ = {
			isa = PBXGroup;
			children = (
				045D6ABF265F7285002741DB /* ReactiveWay.app */,
			);
			name = Products;
			sourceTree = "<group>";
		};
		045D6AC1265F7285002741DB /* ReactiveWay */ = {
			isa = PBXGroup;
			children = (
				0491610626615B4C000A0549 /* Extension */,
				0491611B266161AB000A0549 /* ToDo */,
				045D6AC2265F7285002741DB /* AppDelegate.swift */,
				045D6AC4265F7285002741DB /* SceneDelegate.swift */,
				045D6AC8265F7285002741DB /* Main.storyboard */,
				045D6ACB265F7288002741DB /* Assets.xcassets */,
				045D6ACD265F7288002741DB /* LaunchScreen.storyboard */,
				045D6AD0265F7288002741DB /* Info.plist */,
			);
			path = ReactiveWay;
			sourceTree = "<group>";
		};
		045D6AD7265F729A002741DB /* Model */ = {
			isa = PBXGroup;
			children = (
				04916120266161FB000A0549 /* ToDo.swift */,
			);
			path = Model;
			sourceTree = "<group>";
		};
		045D6AD8265F72A2002741DB /* View */ = {
			isa = PBXGroup;
			children = (
				045D6AC6265F7285002741DB /* ToDoViewController.swift */,
				045D6ADB265F79E1002741DB /* CreateToDoViewController.swift */,
			);
			path = View;
			sourceTree = "<group>";
		};
		0491610626615B4C000A0549 /* Extension */ = {
			isa = PBXGroup;
			children = (
				0491610F26615B70000A0549 /* ButtonsExtension.swift */,
				0491610D26615B70000A0549 /* CollectionViewExtension.swift */,
				0491610E26615B70000A0549 /* DateExtension.swift */,
				0491610B26615B70000A0549 /* StringExtension.swift */,
				0491610A26615B70000A0549 /* TextFiledExtensions.swift */,
				0491610726615B70000A0549 /* UIImageExtension.swift */,
				0491610826615B70000A0549 /* UIViewControllerExtension.swift */,
				0491610926615B70000A0549 /* UIViewExtenstions.swift */,
				0491610C26615B70000A0549 /* viewController+ImagePicker.swift */,
				045E178726638A6D00151742 /* UIColor+Extension.swift */,
			);
			path = Extension;
			sourceTree = "<group>";
		};
		0491611A26616190000A0549 /* ViewModel */ = {
			isa = PBXGroup;
			children = (
				0491611D266161CA000A0549 /* ToDoViewModel.swift */,
			);
			path = ViewModel;
			sourceTree = "<group>";
		};
		0491611B266161AB000A0549 /* ToDo */ = {
			isa = PBXGroup;
			children = (
				0491611A26616190000A0549 /* ViewModel */,
				045D6AD8265F72A2002741DB /* View */,
				045D6AD7265F729A002741DB /* Model */,
			);
			path = ToDo;
			sourceTree = "<group>";
		};
/* End PBXGroup section */

/* Begin PBXNativeTarget section */
		045D6ABE265F7285002741DB /* ReactiveWay */ = {
			isa = PBXNativeTarget;
			buildConfigurationList = 045D6AD3265F7288002741DB /* Build configuration list for PBXNativeTarget "ReactiveWay" */;
			buildPhases = (
				045D6ABB265F7285002741DB /* Sources */,
				045D6ABC265F7285002741DB /* Frameworks */,
				045D6ABD265F7285002741DB /* Resources */,
			);
			buildRules = (
			);
			dependencies = (
			);
			name = ReactiveWay;
			productName = ReactiveWay;
			productReference = 045D6ABF265F7285002741DB /* ReactiveWay.app */;
			productType = "com.apple.product-type.application";
		};
/* End PBXNativeTarget section */

/* Begin PBXProject section */
		045D6AB7265F7285002741DB /* Project object */ = {
			isa = PBXProject;
			attributes = {
				LastSwiftUpdateCheck = 1220;
				LastUpgradeCheck = 1220;
				TargetAttributes = {
					045D6ABE265F7285002741DB = {
						CreatedOnToolsVersion = 12.2;
					};
				};
			};
			buildConfigurationList = 045D6ABA265F7285002741DB /* Build configuration list for PBXProject "ReactiveWay" */;
			compatibilityVersion = "Xcode 9.3";
			developmentRegion = en;
			hasScannedForEncodings = 0;
			knownRegions = (
				en,
				Base,
			);
			mainGroup = 045D6AB6265F7285002741DB;
			productRefGroup = 045D6AC0265F7285002741DB /* Products */;
			projectDirPath = "";
			projectRoot = "";
			targets = (
				045D6ABE265F7285002741DB /* ReactiveWay */,
			);
		};
/* End PBXProject section */

/* Begin PBXResourcesBuildPhase section */
		045D6ABD265F7285002741DB /* Resources */ = {
			isa = PBXResourcesBuildPhase;
			buildActionMask = 2147483647;
			files = (
				045D6ACF265F7288002741DB /* LaunchScreen.storyboard in Resources */,
				045D6ACC265F7288002741DB /* Assets.xcassets in Resources */,
				045D6ACA265F7285002741DB /* Main.storyboard in Resources */,
			);
			runOnlyForDeploymentPostprocessing = 0;
		};
/* End PBXResourcesBuildPhase section */

/* Begin PBXSourcesBuildPhase section */
		045D6ABB265F7285002741DB /* Sources */ = {
			isa = PBXSourcesBuildPhase;
			buildActionMask = 2147483647;
			files = (
				045D6AC7265F7285002741DB /* ToDoViewController.swift in Sources */,
				0491611726615B70000A0549 /* DateExtension.swift in Sources */,
				045D6AC3265F7285002741DB /* AppDelegate.swift in Sources */,
				0491611526615B70000A0549 /* viewController+ImagePicker.swift in Sources */,
				0491611126615B70000A0549 /* UIViewControllerExtension.swift in Sources */,
				0491611626615B70000A0549 /* CollectionViewExtension.swift in Sources */,
				04916121266161FB000A0549 /* ToDo.swift in Sources */,
				045E178826638A6D00151742 /* UIColor+Extension.swift in Sources */,
				045D6ADC265F79E1002741DB /* CreateToDoViewController.swift in Sources */,
				0491611026615B70000A0549 /* UIImageExtension.swift in Sources */,
				0491611426615B70000A0549 /* StringExtension.swift in Sources */,
				0491611E266161CA000A0549 /* ToDoViewModel.swift in Sources */,
				0491611326615B70000A0549 /* TextFiledExtensions.swift in Sources */,
				045D6AC5265F7285002741DB /* SceneDelegate.swift in Sources */,
				0491611226615B70000A0549 /* UIViewExtenstions.swift in Sources */,
				0491611826615B70000A0549 /* ButtonsExtension.swift in Sources */,
			);
			runOnlyForDeploymentPostprocessing = 0;
		};
/* End PBXSourcesBuildPhase section */

/* Begin PBXVariantGroup section */
		045D6AC8265F7285002741DB /* Main.storyboard */ = {
			isa = PBXVariantGroup;
			children = (
				045D6AC9265F7285002741DB /* Base */,
			);
			name = Main.storyboard;
			sourceTree = "<group>";
		};
		045D6ACD265F7288002741DB /* LaunchScreen.storyboard */ = {
			isa = PBXVariantGroup;
			children = (
				045D6ACE265F7288002741DB /* Base */,
			);
			name = LaunchScreen.storyboard;
			sourceTree = "<group>";
		};
/* End PBXVariantGroup section */

/* Begin XCBuildConfiguration section */
		045D6AD1265F7288002741DB /* Debug */ = {
			isa = XCBuildConfiguration;
			buildSettings = {
				ALWAYS_SEARCH_USER_PATHS = NO;
				CLANG_ANALYZER_NONNULL = YES;
				CLANG_ANALYZER_NUMBER_OBJECT_CONVERSION = YES_AGGRESSIVE;
				CLANG_CXX_LANGUAGE_STANDARD = "gnu++14";
				CLANG_CXX_LIBRARY = "libc++";
				CLANG_ENABLE_MODULES = YES;
				CLANG_ENABLE_OBJC_ARC = YES;
				CLANG_ENABLE_OBJC_WEAK = YES;
				CLANG_WARN_BLOCK_CAPTURE_AUTORELEASING = YES;
				CLANG_WARN_BOOL_CONVERSION = YES;
				CLANG_WARN_COMMA = YES;
				CLANG_WARN_CONSTANT_CONVERSION = YES;
				CLANG_WARN_DEPRECATED_OBJC_IMPLEMENTATIONS = YES;
				CLANG_WARN_DIRECT_OBJC_ISA_USAGE = YES_ERROR;
				CLANG_WARN_DOCUMENTATION_COMMENTS = YES;
				CLANG_WARN_EMPTY_BODY = YES;
				CLANG_WARN_ENUM_CONVERSION = YES;
				CLANG_WARN_INFINITE_RECURSION = YES;
				CLANG_WARN_INT_CONVERSION = YES;
				CLANG_WARN_NON_LITERAL_NULL_CONVERSION = YES;
				CLANG_WARN_OBJC_IMPLICIT_RETAIN_SELF = YES;
				CLANG_WARN_OBJC_LITERAL_CONVERSION = YES;
				CLANG_WARN_OBJC_ROOT_CLASS = YES_ERROR;
				CLANG_WARN_QUOTED_INCLUDE_IN_FRAMEWORK_HEADER = YES;
				CLANG_WARN_RANGE_LOOP_ANALYSIS = YES;
				CLANG_WARN_STRICT_PROTOTYPES = YES;
				CLANG_WARN_SUSPICIOUS_MOVE = YES;
				CLANG_WARN_UNGUARDED_AVAILABILITY = YES_AGGRESSIVE;
				CLANG_WARN_UNREACHABLE_CODE = YES;
				CLANG_WARN__DUPLICATE_METHOD_MATCH = YES;
				COPY_PHASE_STRIP = NO;
				DEBUG_INFORMATION_FORMAT = dwarf;
				ENABLE_STRICT_OBJC_MSGSEND = YES;
				ENABLE_TESTABILITY = YES;
				GCC_C_LANGUAGE_STANDARD = gnu11;
				GCC_DYNAMIC_NO_PIC = NO;
				GCC_NO_COMMON_BLOCKS = YES;
				GCC_OPTIMIZATION_LEVEL = 0;
				GCC_PREPROCESSOR_DEFINITIONS = (
					"DEBUG=1",
					"$(inherited)",
				);
				GCC_WARN_64_TO_32_BIT_CONVERSION = YES;
				GCC_WARN_ABOUT_RETURN_TYPE = YES_ERROR;
				GCC_WARN_UNDECLARED_SELECTOR = YES;
				GCC_WARN_UNINITIALIZED_AUTOS = YES_AGGRESSIVE;
				GCC_WARN_UNUSED_FUNCTION = YES;
				GCC_WARN_UNUSED_VARIABLE = YES;
				IPHONEOS_DEPLOYMENT_TARGET = 14.2;
				MTL_ENABLE_DEBUG_INFO = INCLUDE_SOURCE;
				MTL_FAST_MATH = YES;
				ONLY_ACTIVE_ARCH = YES;
				SDKROOT = iphoneos;
				SWIFT_ACTIVE_COMPILATION_CONDITIONS = DEBUG;
				SWIFT_OPTIMIZATION_LEVEL = "-Onone";
			};
			name = Debug;
		};
		045D6AD2265F7288002741DB /* Release */ = {
			isa = XCBuildConfiguration;
			buildSettings = {
				ALWAYS_SEARCH_USER_PATHS = NO;
				CLANG_ANALYZER_NONNULL = YES;
				CLANG_ANALYZER_NUMBER_OBJECT_CONVERSION = YES_AGGRESSIVE;
				CLANG_CXX_LANGUAGE_STANDARD = "gnu++14";
				CLANG_CXX_LIBRARY = "libc++";
				CLANG_ENABLE_MODULES = YES;
				CLANG_ENABLE_OBJC_ARC = YES;
				CLANG_ENABLE_OBJC_WEAK = YES;
				CLANG_WARN_BLOCK_CAPTURE_AUTORELEASING = YES;
				CLANG_WARN_BOOL_CONVERSION = YES;
				CLANG_WARN_COMMA = YES;
				CLANG_WARN_CONSTANT_CONVERSION = YES;
				CLANG_WARN_DEPRECATED_OBJC_IMPLEMENTATIONS = YES;
				CLANG_WARN_DIRECT_OBJC_ISA_USAGE = YES_ERROR;
				CLANG_WARN_DOCUMENTATION_COMMENTS = YES;
				CLANG_WARN_EMPTY_BODY = YES;
				CLANG_WARN_ENUM_CONVERSION = YES;
				CLANG_WARN_INFINITE_RECURSION = YES;
				CLANG_WARN_INT_CONVERSION = YES;
				CLANG_WARN_NON_LITERAL_NULL_CONVERSION = YES;
				CLANG_WARN_OBJC_IMPLICIT_RETAIN_SELF = YES;
				CLANG_WARN_OBJC_LITERAL_CONVERSION = YES;
				CLANG_WARN_OBJC_ROOT_CLASS = YES_ERROR;
				CLANG_WARN_QUOTED_INCLUDE_IN_FRAMEWORK_HEADER = YES;
				CLANG_WARN_RANGE_LOOP_ANALYSIS = YES;
				CLANG_WARN_STRICT_PROTOTYPES = YES;
				CLANG_WARN_SUSPICIOUS_MOVE = YES;
				CLANG_WARN_UNGUARDED_AVAILABILITY = YES_AGGRESSIVE;
				CLANG_WARN_UNREACHABLE_CODE = YES;
				CLANG_WARN__DUPLICATE_METHOD_MATCH = YES;
				COPY_PHASE_STRIP = NO;
				DEBUG_INFORMATION_FORMAT = "dwarf-with-dsym";
				ENABLE_NS_ASSERTIONS = NO;
				ENABLE_STRICT_OBJC_MSGSEND = YES;
				GCC_C_LANGUAGE_STANDARD = gnu11;
				GCC_NO_COMMON_BLOCKS = YES;
				GCC_WARN_64_TO_32_BIT_CONVERSION = YES;
				GCC_WARN_ABOUT_RETURN_TYPE = YES_ERROR;
				GCC_WARN_UNDECLARED_SELECTOR = YES;
				GCC_WARN_UNINITIALIZED_AUTOS = YES_AGGRESSIVE;
				GCC_WARN_UNUSED_FUNCTION = YES;
				GCC_WARN_UNUSED_VARIABLE = YES;
				IPHONEOS_DEPLOYMENT_TARGET = 14.2;
				MTL_ENABLE_DEBUG_INFO = NO;
				MTL_FAST_MATH = YES;
				SDKROOT = iphoneos;
				SWIFT_COMPILATION_MODE = wholemodule;
				SWIFT_OPTIMIZATION_LEVEL = "-O";
				VALIDATE_PRODUCT = YES;
			};
			name = Release;
		};
		045D6AD4265F7288002741DB /* Debug */ = {
			isa = XCBuildConfiguration;
			buildSettings = {
				ASSETCATALOG_COMPILER_APPICON_NAME = AppIcon;
				ASSETCATALOG_COMPILER_GLOBAL_ACCENT_COLOR_NAME = AccentColor;
				CODE_SIGN_STYLE = Automatic;
				DEVELOPMENT_TEAM = 4WADGH5T3S;
				INFOPLIST_FILE = ReactiveWay/Info.plist;
				LD_RUNPATH_SEARCH_PATHS = (
					"$(inherited)",
					"@executable_path/Frameworks",
				);
				PRODUCT_BUNDLE_IDENTIFIER = com.techstack.ios.ReactiveWay;
				PRODUCT_NAME = "$(TARGET_NAME)";
				SWIFT_VERSION = 5.0;
				TARGETED_DEVICE_FAMILY = "1,2";
			};
			name = Debug;
		};
		045D6AD5265F7288002741DB /* Release */ = {
			isa = XCBuildConfiguration;
			buildSettings = {
				ASSETCATALOG_COMPILER_APPICON_NAME = AppIcon;
				ASSETCATALOG_COMPILER_GLOBAL_ACCENT_COLOR_NAME = AccentColor;
				CODE_SIGN_STYLE = Automatic;
				DEVELOPMENT_TEAM = 4WADGH5T3S;
				INFOPLIST_FILE = ReactiveWay/Info.plist;
				LD_RUNPATH_SEARCH_PATHS = (
					"$(inherited)",
					"@executable_path/Frameworks",
				);
				PRODUCT_BUNDLE_IDENTIFIER = com.techstack.ios.ReactiveWay;
				PRODUCT_NAME = "$(TARGET_NAME)";
				SWIFT_VERSION = 5.0;
				TARGETED_DEVICE_FAMILY = "1,2";
			};
			name = Release;
		};
/* End XCBuildConfiguration section */

/* Begin XCConfigurationList section */
		045D6ABA265F7285002741DB /* Build configuration list for PBXProject "ReactiveWay" */ = {
			isa = XCConfigurationList;
			buildConfigurations = (
				045D6AD1265F7288002741DB /* Debug */,
				045D6AD2265F7288002741DB /* Release */,
			);
			defaultConfigurationIsVisible = 0;
			defaultConfigurationName = Release;
		};
		045D6AD3265F7288002741DB /* Build configuration list for PBXNativeTarget "ReactiveWay" */ = {
			isa = XCConfigurationList;
			buildConfigurations = (
				045D6AD4265F7288002741DB /* Debug */,
				045D6AD5265F7288002741DB /* Release */,
			);
			defaultConfigurationIsVisible = 0;
			defaultConfigurationName = Release;
		};
/* End XCConfigurationList section */
	};
	rootObject = 045D6AB7265F7285002741DB /* Project object */;
}
